{
  "name": "blockchain-inbox",
  "lockfileVersion": 2,
  "requires": true,
  "packages": {
    "": {
      "dependencies": {
        "date-fns": "^2.23.0"
      },
      "devDependencies": {
        "@types/date-fns": "^2.6.0"
      }
    },
    "node_modules/@types/date-fns": {
      "version": "2.6.0",
      "resolved": "https://registry.npmjs.org/@types/date-fns/-/date-fns-2.6.0.tgz",
      "integrity": "sha1-sGLKRlYgApCb4MY6ZGftFzE2rME=",
      "deprecated": "This is a stub types definition for date-fns (https://github.com/date-fns/date-fns). date-fns provides its own type definitions, so you don't need @types/date-fns installed!",
      "dev": true,
      "dependencies": {
        "date-fns": "*"
      }
    },
    "node_modules/date-fns": {
      "version": "2.23.0",
      "resolved": "https://registry.npmjs.org/date-fns/-/date-fns-2.23.0.tgz",
      "integrity": "sha512-5ycpauovVyAk0kXNZz6ZoB9AYMZB4DObse7P3BPWmyEjXNORTI8EJ6X0uaSAq4sCHzM1uajzrkr6HnsLQpxGXA==",
      "engines": {
        "node": ">=0.11"
      },
      "funding": {
        "type": "opencollective",
        "url": "https://opencollective.com/date-fns"
      }
    }
  },
  "dependencies": {
    "@types/date-fns": {
      "version": "2.6.0",
      "resolved": "https://registry.npmjs.org/@types/date-fns/-/date-fns-2.6.0.tgz",
      "integrity": "sha1-sGLKRlYgApCb4MY6ZGftFzE2rME=",
      "dev": true,
      "requires": {
        "date-fns": "*"
      }
    },
    "date-fns": {
      "version": "2.23.0",
      "resolved": "https://registry.npmjs.org/date-fns/-/date-fns-2.23.0.tgz",
      "integrity": "sha512-5ycpauovVyAk0kXNZz6ZoB9AYMZB4DObse7P3BPWmyEjXNORTI8EJ6X0uaSAq4sCHzM1uajzrkr6HnsLQpxGXA=="
    }
  }
}
